
Microsoft Visual Studio Solution File, Format Version 12.00
# Visual Studio Version 17
VisualStudioVersion = 17.4.33213.308
MinimumVisualStudioVersion = 10.0.40219.1
Project("{FAE04EC0-301F-11D3-BF4B-00C04F79EFBC}") = "Grupo_3_Intermodular", "Grupo_3_Intermodular\Grupo_3_Intermodular.csproj", "{AB06BF94-09D7-4CE7-A1BD-113E677EAE6D}"
EndProject
Global
	GlobalSection(SolutionConfigurationPlatforms) = preSolution
		Debug|Any CPU = Debug|Any CPU
		Release|Any CPU = Release|Any CPU
	EndGlobalSection
	GlobalSection(ProjectConfigurationPlatforms) = postSolution
		{AB06BF94-09D7-4CE7-A1BD-113E677EAE6D}.Debug|Any CPU.ActiveCfg = Debug|Any CPU
		{AB06BF94-09D7-4CE7-A1BD-113E677EAE6D}.Debug|Any CPU.Build.0 = Debug|Any CPU
		{AB06BF94-09D7-4CE7-A1BD-113E677EAE6D}.Release|Any CPU.ActiveCfg = Release|Any CPU
		{AB06BF94-09D7-4CE7-A1BD-113E677EAE6D}.Release|Any CPU.Build.0 = Release|Any CPU
	EndGlobalSection
	GlobalSection(SolutionProperties) = preSolution
		HideSolutionNode = FALSE
	EndGlobalSection
	GlobalSection(ExtensibilityGlobals) = postSolution
		SolutionGuid = {B6AC36CD-0F5A-4E3E-B7A5-DCCA9FCF96C1}
	EndGlobalSection
EndGlobal
